// !$*UTF8*$!
{
	archiveVersion = 1;
	classes = {
	};
	objectVersion = 56;
	objects = {

/* Begin PBXBuildFile section */
		ED924A2B2C161EF90085B3B5 /* A17D02.m in Sources */ = {isa = PBXBuildFile; fileRef = ED924A2A2C161EF80085B3B5 /* A17D02.m */; };
		EDDC48AF2C15EDE900D9B8FD /* A17D01.m in Sources */ = {isa = PBXBuildFile; fileRef = EDDC48AE2C15EDE800D9B8FD /* A17D01.m */; };
		EDDC48B22C15FE8700D9B8FD /* ADProblem.m in Sources */ = {isa = PBXBuildFile; fileRef = EDDC48B12C15FE8700D9B8FD /* ADProblem.m */; };
		EDEA26CC2C15E82200C043D4 /* main.m in Sources */ = {isa = PBXBuildFile; fileRef = EDEA26CB2C15E82200C043D4 /* main.m */; };
/* End PBXBuildFile section */

/* Begin PBXCopyFilesBuildPhase section */
		EDEA26C62C15E82200C043D4 /* CopyFiles */ = {
			isa = PBXCopyFilesBuildPhase;
			buildActionMask = 2147483647;
			dstPath = /usr/share/man/man1/;
			dstSubfolderSpec = 0;
			files = (
			);
			runOnlyForDeploymentPostprocessing = 1;
		};
/* End PBXCopyFilesBuildPhase section */

/* Begin PBXFileReference section */
		ED924A292C161EF80085B3B5 /* A17D02.h */ = {isa = PBXFileReference; fileEncoding = 4; lastKnownFileType = sourcecode.c.h; path = A17D02.h; sourceTree = "<group>"; };
		ED924A2A2C161EF80085B3B5 /* A17D02.m */ = {isa = PBXFileReference; fileEncoding = 4; lastKnownFileType = sourcecode.c.objc; path = A17D02.m; sourceTree = "<group>"; };
		EDDC48AD2C15EDE800D9B8FD /* A17D01.h */ = {isa = PBXFileReference; fileEncoding = 4; lastKnownFileType = sourcecode.c.h; path = A17D01.h; sourceTree = "<group>"; };
		EDDC48AE2C15EDE800D9B8FD /* A17D01.m */ = {isa = PBXFileReference; fileEncoding = 4; lastKnownFileType = sourcecode.c.objc; path = A17D01.m; sourceTree = "<group>"; };
		EDDC48B02C15FE8700D9B8FD /* ADProblem.h */ = {isa = PBXFileReference; fileEncoding = 4; lastKnownFileType = sourcecode.c.h; name = ADProblem.h; path = src/advent/ADProblem.h; sourceTree = "<group>"; };
		EDDC48B12C15FE8700D9B8FD /* ADProblem.m */ = {isa = PBXFileReference; fileEncoding = 4; lastKnownFileType = sourcecode.c.objc; name = ADProblem.m; path = src/advent/ADProblem.m; sourceTree = "<group>"; };
		EDEA26C82C15E82200C043D4 /* advent */ = {isa = PBXFileReference; explicitFileType = "compiled.mach-o.executable"; includeInIndex = 0; path = advent; sourceTree = BUILT_PRODUCTS_DIR; };
		EDEA26CB2C15E82200C043D4 /* main.m */ = {isa = PBXFileReference; lastKnownFileType = sourcecode.c.objc; name = main.m; path = src/advent/main.m; sourceTree = "<group>"; };
/* End PBXFileReference section */

/* Begin PBXFrameworksBuildPhase section */
		EDEA26C52C15E82200C043D4 /* Frameworks */ = {
			isa = PBXFrameworksBuildPhase;
			buildActionMask = 2147483647;
			files = (
			);
			runOnlyForDeploymentPostprocessing = 0;
		};
/* End PBXFrameworksBuildPhase section */

/* Begin PBXGroup section */
		EDDC48AC2C15EDA100D9B8FD /* A2017 */ = {
			isa = PBXGroup;
			children = (
				EDDC48AD2C15EDE800D9B8FD /* A17D01.h */,
				EDDC48AE2C15EDE800D9B8FD /* A17D01.m */,
				ED924A292C161EF80085B3B5 /* A17D02.h */,
				ED924A2A2C161EF80085B3B5 /* A17D02.m */,
			);
			name = A2017;
			path = src/advent_2017;
			sourceTree = "<group>";
		};
		EDEA26BF2C15E82200C043D4 = {
			isa = PBXGroup;
			children = (
				EDDC48B02C15FE8700D9B8FD /* ADProblem.h */,
				EDDC48B12C15FE8700D9B8FD /* ADProblem.m */,
				EDDC48AC2C15EDA100D9B8FD /* A2017 */,
				EDEA26CB2C15E82200C043D4 /* main.m */,
				EDEA26C92C15E82200C043D4 /* Products */,
			);
			sourceTree = "<group>";
		};
		EDEA26C92C15E82200C043D4 /* Products */ = {
			isa = PBXGroup;
			children = (
				EDEA26C82C15E82200C043D4 /* advent */,
			);
			name = Products;
			sourceTree = "<group>";
		};
/* End PBXGroup section */

/* Begin PBXNativeTarget section */
		EDEA26C72C15E82200C043D4 /* advent */ = {
			isa = PBXNativeTarget;
			buildConfigurationList = EDEA26CF2C15E82200C043D4 /* Build configuration list for PBXNativeTarget "advent" */;
			buildPhases = (
				EDEA26C42C15E82200C043D4 /* Sources */,
				EDEA26C52C15E82200C043D4 /* Frameworks */,
				EDEA26C62C15E82200C043D4 /* CopyFiles */,
			);
			buildRules = (
			);
			dependencies = (
			);
			name = advent;
			productName = advent;
			productReference = EDEA26C82C15E82200C043D4 /* advent */;
			productType = "com.apple.product-type.tool";
		};
/* End PBXNativeTarget section */

/* Begin PBXProject section */
		EDEA26C02C15E82200C043D4 /* Project object */ = {
			isa = PBXProject;
			attributes = {
				BuildIndependentTargetsInParallel = 1;
				LastUpgradeCheck = 1410;
				TargetAttributes = {
					EDEA26C72C15E82200C043D4 = {
						CreatedOnToolsVersion = 14.1;
					};
				};
			};
			buildConfigurationList = EDEA26C32C15E82200C043D4 /* Build configuration list for PBXProject "advent" */;
			compatibilityVersion = "Xcode 14.0";
			developmentRegion = en;
			hasScannedForEncodings = 0;
			knownRegions = (
				en,
				Base,
			);
			mainGroup = EDEA26BF2C15E82200C043D4;
			productRefGroup = EDEA26C92C15E82200C043D4 /* Products */;
			projectDirPath = "";
			projectRoot = "";
			targets = (
				EDEA26C72C15E82200C043D4 /* advent */,
			);
		};
/* End PBXProject section */

/* Begin PBXSourcesBuildPhase section */
		EDEA26C42C15E82200C043D4 /* Sources */ = {
			isa = PBXSourcesBuildPhase;
			buildActionMask = 2147483647;
			files = (
				EDDC48B22C15FE8700D9B8FD /* ADProblem.m in Sources */,
				EDEA26CC2C15E82200C043D4 /* main.m in Sources */,
				ED924A2B2C161EF90085B3B5 /* A17D02.m in Sources */,
				EDDC48AF2C15EDE900D9B8FD /* A17D01.m in Sources */,
			);
			runOnlyForDeploymentPostprocessing = 0;
		};
/* End PBXSourcesBuildPhase section */

/* Begin XCBuildConfiguration section */
		EDEA26CD2C15E82200C043D4 /* Debug */ = {
			isa = XCBuildConfiguration;
			buildSettings = {
				ALWAYS_SEARCH_USER_PATHS = NO;
				CLANG_ANALYZER_NONNULL = YES;
				CLANG_ANALYZER_NUMBER_OBJECT_CONVERSION = YES_AGGRESSIVE;
				CLANG_CXX_LANGUAGE_STANDARD = "gnu++20";
				CLANG_ENABLE_MODULES = YES;
				CLANG_ENABLE_OBJC_ARC = YES;
				CLANG_ENABLE_OBJC_WEAK = YES;
				CLANG_WARN_BLOCK_CAPTURE_AUTORELEASING = YES;
				CLANG_WARN_BOOL_CONVERSION = YES;
				CLANG_WARN_COMMA = YES;
				CLANG_WARN_CONSTANT_CONVERSION = YES;
				CLANG_WARN_DEPRECATED_OBJC_IMPLEMENTATIONS = YES;
				CLANG_WARN_DIRECT_OBJC_ISA_USAGE = YES_ERROR;
				CLANG_WARN_DOCUMENTATION_COMMENTS = YES;
				CLANG_WARN_EMPTY_BODY = YES;
				CLANG_WARN_ENUM_CONVERSION = YES;
				CLANG_WARN_INFINITE_RECURSION = YES;
				CLANG_WARN_INT_CONVERSION = YES;
				CLANG_WARN_NON_LITERAL_NULL_CONVERSION = YES;
				CLANG_WARN_OBJC_IMPLICIT_RETAIN_SELF = YES;
				CLANG_WARN_OBJC_LITERAL_CONVERSION = YES;
				CLANG_WARN_OBJC_ROOT_CLASS = YES_ERROR;
				CLANG_WARN_QUOTED_INCLUDE_IN_FRAMEWORK_HEADER = YES;
				CLANG_WARN_RANGE_LOOP_ANALYSIS = YES;
				CLANG_WARN_STRICT_PROTOTYPES = YES;
				CLANG_WARN_SUSPICIOUS_MOVE = YES;
				CLANG_WARN_UNGUARDED_AVAILABILITY = YES_AGGRESSIVE;
				CLANG_WARN_UNREACHABLE_CODE = YES;
				CLANG_WARN__DUPLICATE_METHOD_MATCH = YES;
				COPY_PHASE_STRIP = NO;
				DEBUG_INFORMATION_FORMAT = dwarf;
				ENABLE_STRICT_OBJC_MSGSEND = YES;
				ENABLE_TESTABILITY = YES;
				GCC_C_LANGUAGE_STANDARD = gnu11;
				GCC_DYNAMIC_NO_PIC = NO;
				GCC_NO_COMMON_BLOCKS = YES;
				GCC_OPTIMIZATION_LEVEL = 0;
				GCC_PREPROCESSOR_DEFINITIONS = (
					"DEBUG=1",
					"$(inherited)",
				);
				GCC_WARN_64_TO_32_BIT_CONVERSION = YES;
				GCC_WARN_ABOUT_RETURN_TYPE = YES_ERROR;
				GCC_WARN_UNDECLARED_SELECTOR = YES;
				GCC_WARN_UNINITIALIZED_AUTOS = YES_AGGRESSIVE;
				GCC_WARN_UNUSED_FUNCTION = YES;
				GCC_WARN_UNUSED_VARIABLE = YES;
				MACOSX_DEPLOYMENT_TARGET = 12.7;
				MTL_ENABLE_DEBUG_INFO = INCLUDE_SOURCE;
				MTL_FAST_MATH = YES;
				ONLY_ACTIVE_ARCH = YES;
				SDKROOT = macosx;
			};
			name = Debug;
		};
		EDEA26CE2C15E82200C043D4 /* Release */ = {
			isa = XCBuildConfiguration;
			buildSettings = {
				ALWAYS_SEARCH_USER_PATHS = NO;
				CLANG_ANALYZER_NONNULL = YES;
				CLANG_ANALYZER_NUMBER_OBJECT_CONVERSION = YES_AGGRESSIVE;
				CLANG_CXX_LANGUAGE_STANDARD = "gnu++20";
				CLANG_ENABLE_MODULES = YES;
				CLANG_ENABLE_OBJC_ARC = YES;
				CLANG_ENABLE_OBJC_WEAK = YES;
				CLANG_WARN_BLOCK_CAPTURE_AUTORELEASING = YES;
				CLANG_WARN_BOOL_CONVERSION = YES;
				CLANG_WARN_COMMA = YES;
				CLANG_WARN_CONSTANT_CONVERSION = YES;
				CLANG_WARN_DEPRECATED_OBJC_IMPLEMENTATIONS = YES;
				CLANG_WARN_DIRECT_OBJC_ISA_USAGE = YES_ERROR;
				CLANG_WARN_DOCUMENTATION_COMMENTS = YES;
				CLANG_WARN_EMPTY_BODY = YES;
				CLANG_WARN_ENUM_CONVERSION = YES;
				CLANG_WARN_INFINITE_RECURSION = YES;
				CLANG_WARN_INT_CONVERSION = YES;
				CLANG_WARN_NON_LITERAL_NULL_CONVERSION = YES;
				CLANG_WARN_OBJC_IMPLICIT_RETAIN_SELF = YES;
				CLANG_WARN_OBJC_LITERAL_CONVERSION = YES;
				CLANG_WARN_OBJC_ROOT_CLASS = YES_ERROR;
				CLANG_WARN_QUOTED_INCLUDE_IN_FRAMEWORK_HEADER = YES;
				CLANG_WARN_RANGE_LOOP_ANALYSIS = YES;
				CLANG_WARN_STRICT_PROTOTYPES = YES;
				CLANG_WARN_SUSPICIOUS_MOVE = YES;
				CLANG_WARN_UNGUARDED_AVAILABILITY = YES_AGGRESSIVE;
				CLANG_WARN_UNREACHABLE_CODE = YES;
				CLANG_WARN__DUPLICATE_METHOD_MATCH = YES;
				COPY_PHASE_STRIP = NO;
				DEBUG_INFORMATION_FORMAT = "dwarf-with-dsym";
				ENABLE_NS_ASSERTIONS = NO;
				ENABLE_STRICT_OBJC_MSGSEND = YES;
				GCC_C_LANGUAGE_STANDARD = gnu11;
				GCC_NO_COMMON_BLOCKS = YES;
				GCC_WARN_64_TO_32_BIT_CONVERSION = YES;
				GCC_WARN_ABOUT_RETURN_TYPE = YES_ERROR;
				GCC_WARN_UNDECLARED_SELECTOR = YES;
				GCC_WARN_UNINITIALIZED_AUTOS = YES_AGGRESSIVE;
				GCC_WARN_UNUSED_FUNCTION = YES;
				GCC_WARN_UNUSED_VARIABLE = YES;
				MACOSX_DEPLOYMENT_TARGET = 12.7;
				MTL_ENABLE_DEBUG_INFO = NO;
				MTL_FAST_MATH = YES;
				SDKROOT = macosx;
			};
			name = Release;
		};
		EDEA26D02C15E82200C043D4 /* Debug */ = {
			isa = XCBuildConfiguration;
			buildSettings = {
				CODE_SIGN_STYLE = Automatic;
				PRODUCT_NAME = "$(TARGET_NAME)";
			};
			name = Debug;
		};
		EDEA26D12C15E82200C043D4 /* Release */ = {
			isa = XCBuildConfiguration;
			buildSettings = {
				CODE_SIGN_STYLE = Automatic;
				PRODUCT_NAME = "$(TARGET_NAME)";
			};
			name = Release;
		};
/* End XCBuildConfiguration section */

/* Begin XCConfigurationList section */
		EDEA26C32C15E82200C043D4 /* Build configuration list for PBXProject "advent" */ = {
			isa = XCConfigurationList;
			buildConfigurations = (
				EDEA26CD2C15E82200C043D4 /* Debug */,
				EDEA26CE2C15E82200C043D4 /* Release */,
			);
			defaultConfigurationIsVisible = 0;
			defaultConfigurationName = Release;
		};
		EDEA26CF2C15E82200C043D4 /* Build configuration list for PBXNativeTarget "advent" */ = {
			isa = XCConfigurationList;
			buildConfigurations = (
				EDEA26D02C15E82200C043D4 /* Debug */,
				EDEA26D12C15E82200C043D4 /* Release */,
			);
			defaultConfigurationIsVisible = 0;
			defaultConfigurationName = Release;
		};
/* End XCConfigurationList section */
	};
	rootObject = EDEA26C02C15E82200C043D4 /* Project object */;
}
