// !$*UTF8*$!
{
	archiveVersion = 1;
	classes = {
	};
	objectVersion = 56;
	objects = {

/* Begin PBXBuildFile section */
		ED3240BA2C1936B700AE56DB /* A17D04.m in Sources */ = {isa = PBXBuildFile; fileRef = ED3240B82C1936B700AE56DB /* A17D04.m */; };
		ED3240BD2C1A5C5100AE56DB /* A17D05.m in Sources */ = {isa = PBXBuildFile; fileRef = ED3240BB2C1A5C5100AE56DB /* A17D05.m */; };
		ED3240C02C1A7A3600AE56DB /* A17D06.m in Sources */ = {isa = PBXBuildFile; fileRef = ED3240BF2C1A7A3600AE56DB /* A17D06.m */; };
		ED3240E72C1A7BC300AE56DB /* A17D20.m in Sources */ = {isa = PBXBuildFile; fileRef = ED3240C22C1A7BC000AE56DB /* A17D20.m */; };
		ED3240E82C1A7BC300AE56DB /* A17D21.m in Sources */ = {isa = PBXBuildFile; fileRef = ED3240C32C1A7BC000AE56DB /* A17D21.m */; };
		ED3240E92C1A7BC300AE56DB /* A17D25.m in Sources */ = {isa = PBXBuildFile; fileRef = ED3240C52C1A7BC000AE56DB /* A17D25.m */; };
		ED3240EA2C1A7BC300AE56DB /* A17D18.m in Sources */ = {isa = PBXBuildFile; fileRef = ED3240C62C1A7BC000AE56DB /* A17D18.m */; };
		ED3240EB2C1A7BC300AE56DB /* A17D24.m in Sources */ = {isa = PBXBuildFile; fileRef = ED3240C72C1A7BC100AE56DB /* A17D24.m */; };
		ED3240EC2C1A7BC300AE56DB /* A17D16.m in Sources */ = {isa = PBXBuildFile; fileRef = ED3240C82C1A7BC100AE56DB /* A17D16.m */; };
		ED3240ED2C1A7BC300AE56DB /* A17D07.m in Sources */ = {isa = PBXBuildFile; fileRef = ED3240C92C1A7BC100AE56DB /* A17D07.m */; };
		ED3240EE2C1A7BC300AE56DB /* A17D22.m in Sources */ = {isa = PBXBuildFile; fileRef = ED3240CA2C1A7BC100AE56DB /* A17D22.m */; };
		ED3240EF2C1A7BC300AE56DB /* A17D09.m in Sources */ = {isa = PBXBuildFile; fileRef = ED3240CB2C1A7BC100AE56DB /* A17D09.m */; };
		ED3240F02C1A7BC300AE56DB /* A17D12.m in Sources */ = {isa = PBXBuildFile; fileRef = ED3240D02C1A7BC100AE56DB /* A17D12.m */; };
		ED3240F12C1A7BC300AE56DB /* A17D13.m in Sources */ = {isa = PBXBuildFile; fileRef = ED3240D12C1A7BC100AE56DB /* A17D13.m */; };
		ED3240F22C1A7BC300AE56DB /* A17D23.m in Sources */ = {isa = PBXBuildFile; fileRef = ED3240D42C1A7BC100AE56DB /* A17D23.m */; };
		ED3240F32C1A7BC300AE56DB /* A17D17.m in Sources */ = {isa = PBXBuildFile; fileRef = ED3240D62C1A7BC200AE56DB /* A17D17.m */; };
		ED3240F42C1A7BC300AE56DB /* A17D19.m in Sources */ = {isa = PBXBuildFile; fileRef = ED3240D92C1A7BC200AE56DB /* A17D19.m */; };
		ED3240F52C1A7BC300AE56DB /* A17D14.m in Sources */ = {isa = PBXBuildFile; fileRef = ED3240DB2C1A7BC200AE56DB /* A17D14.m */; };
		ED3240F62C1A7BC300AE56DB /* A17D11.m in Sources */ = {isa = PBXBuildFile; fileRef = ED3240DE2C1A7BC200AE56DB /* A17D11.m */; };
		ED3240F72C1A7BC300AE56DB /* A17D15.m in Sources */ = {isa = PBXBuildFile; fileRef = ED3240E12C1A7BC200AE56DB /* A17D15.m */; };
		ED3240F82C1A7BC300AE56DB /* A17D08.m in Sources */ = {isa = PBXBuildFile; fileRef = ED3240E42C1A7BC300AE56DB /* A17D08.m */; };
		ED3240F92C1A7BC300AE56DB /* A17D10.m in Sources */ = {isa = PBXBuildFile; fileRef = ED3240E52C1A7BC300AE56DB /* A17D10.m */; };
		ED924A2B2C161EF90085B3B5 /* A17D02.m in Sources */ = {isa = PBXBuildFile; fileRef = ED924A2A2C161EF80085B3B5 /* A17D02.m */; };
		ED924A2E2C1635E80085B3B5 /* A17D03.m in Sources */ = {isa = PBXBuildFile; fileRef = ED924A2C2C1635E80085B3B5 /* A17D03.m */; };
		EDDC48AF2C15EDE900D9B8FD /* A17D01.m in Sources */ = {isa = PBXBuildFile; fileRef = EDDC48AE2C15EDE800D9B8FD /* A17D01.m */; };
		EDDC48B22C15FE8700D9B8FD /* ADProblem.m in Sources */ = {isa = PBXBuildFile; fileRef = EDDC48B12C15FE8700D9B8FD /* ADProblem.m */; };
		EDEA26CC2C15E82200C043D4 /* main.m in Sources */ = {isa = PBXBuildFile; fileRef = EDEA26CB2C15E82200C043D4 /* main.m */; };
/* End PBXBuildFile section */

/* Begin PBXCopyFilesBuildPhase section */
		EDEA26C62C15E82200C043D4 /* CopyFiles */ = {
			isa = PBXCopyFilesBuildPhase;
			buildActionMask = 2147483647;
			dstPath = /usr/share/man/man1/;
			dstSubfolderSpec = 0;
			files = (
			);
			runOnlyForDeploymentPostprocessing = 1;
		};
/* End PBXCopyFilesBuildPhase section */

/* Begin PBXFileReference section */
		ED3240B82C1936B700AE56DB /* A17D04.m */ = {isa = PBXFileReference; fileEncoding = 4; lastKnownFileType = sourcecode.c.objc; path = A17D04.m; sourceTree = "<group>"; };
		ED3240B92C1936B700AE56DB /* A17D04.h */ = {isa = PBXFileReference; fileEncoding = 4; lastKnownFileType = sourcecode.c.h; path = A17D04.h; sourceTree = "<group>"; };
		ED3240BB2C1A5C5100AE56DB /* A17D05.m */ = {isa = PBXFileReference; fileEncoding = 4; lastKnownFileType = sourcecode.c.objc; path = A17D05.m; sourceTree = "<group>"; };
		ED3240BC2C1A5C5100AE56DB /* A17D05.h */ = {isa = PBXFileReference; fileEncoding = 4; lastKnownFileType = sourcecode.c.h; path = A17D05.h; sourceTree = "<group>"; };
		ED3240BE2C1A7A3600AE56DB /* A17D06.h */ = {isa = PBXFileReference; fileEncoding = 4; lastKnownFileType = sourcecode.c.h; path = A17D06.h; sourceTree = "<group>"; };
		ED3240BF2C1A7A3600AE56DB /* A17D06.m */ = {isa = PBXFileReference; fileEncoding = 4; lastKnownFileType = sourcecode.c.objc; path = A17D06.m; sourceTree = "<group>"; };
		ED3240C12C1A7BC000AE56DB /* A17D23.h */ = {isa = PBXFileReference; fileEncoding = 4; lastKnownFileType = sourcecode.c.h; path = A17D23.h; sourceTree = "<group>"; };
		ED3240C22C1A7BC000AE56DB /* A17D20.m */ = {isa = PBXFileReference; fileEncoding = 4; lastKnownFileType = sourcecode.c.objc; path = A17D20.m; sourceTree = "<group>"; };
		ED3240C32C1A7BC000AE56DB /* A17D21.m */ = {isa = PBXFileReference; fileEncoding = 4; lastKnownFileType = sourcecode.c.objc; path = A17D21.m; sourceTree = "<group>"; };
		ED3240C42C1A7BC000AE56DB /* A17D18.h */ = {isa = PBXFileReference; fileEncoding = 4; lastKnownFileType = sourcecode.c.h; path = A17D18.h; sourceTree = "<group>"; };
		ED3240C52C1A7BC000AE56DB /* A17D25.m */ = {isa = PBXFileReference; fileEncoding = 4; lastKnownFileType = sourcecode.c.objc; path = A17D25.m; sourceTree = "<group>"; };
		ED3240C62C1A7BC000AE56DB /* A17D18.m */ = {isa = PBXFileReference; fileEncoding = 4; lastKnownFileType = sourcecode.c.objc; path = A17D18.m; sourceTree = "<group>"; };
		ED3240C72C1A7BC100AE56DB /* A17D24.m */ = {isa = PBXFileReference; fileEncoding = 4; lastKnownFileType = sourcecode.c.objc; path = A17D24.m; sourceTree = "<group>"; };
		ED3240C82C1A7BC100AE56DB /* A17D16.m */ = {isa = PBXFileReference; fileEncoding = 4; lastKnownFileType = sourcecode.c.objc; path = A17D16.m; sourceTree = "<group>"; };
		ED3240C92C1A7BC100AE56DB /* A17D07.m */ = {isa = PBXFileReference; fileEncoding = 4; lastKnownFileType = sourcecode.c.objc; path = A17D07.m; sourceTree = "<group>"; };
		ED3240CA2C1A7BC100AE56DB /* A17D22.m */ = {isa = PBXFileReference; fileEncoding = 4; lastKnownFileType = sourcecode.c.objc; path = A17D22.m; sourceTree = "<group>"; };
		ED3240CB2C1A7BC100AE56DB /* A17D09.m */ = {isa = PBXFileReference; fileEncoding = 4; lastKnownFileType = sourcecode.c.objc; path = A17D09.m; sourceTree = "<group>"; };
		ED3240CC2C1A7BC100AE56DB /* A17D10.h */ = {isa = PBXFileReference; fileEncoding = 4; lastKnownFileType = sourcecode.c.h; path = A17D10.h; sourceTree = "<group>"; };
		ED3240CD2C1A7BC100AE56DB /* A17D13.h */ = {isa = PBXFileReference; fileEncoding = 4; lastKnownFileType = sourcecode.c.h; path = A17D13.h; sourceTree = "<group>"; };
		ED3240CE2C1A7BC100AE56DB /* A17D15.h */ = {isa = PBXFileReference; fileEncoding = 4; lastKnownFileType = sourcecode.c.h; path = A17D15.h; sourceTree = "<group>"; };
		ED3240CF2C1A7BC100AE56DB /* A17D07.h */ = {isa = PBXFileReference; fileEncoding = 4; lastKnownFileType = sourcecode.c.h; path = A17D07.h; sourceTree = "<group>"; };
		ED3240D02C1A7BC100AE56DB /* A17D12.m */ = {isa = PBXFileReference; fileEncoding = 4; lastKnownFileType = sourcecode.c.objc; path = A17D12.m; sourceTree = "<group>"; };
		ED3240D12C1A7BC100AE56DB /* A17D13.m */ = {isa = PBXFileReference; fileEncoding = 4; lastKnownFileType = sourcecode.c.objc; path = A17D13.m; sourceTree = "<group>"; };
		ED3240D22C1A7BC100AE56DB /* A17D14.h */ = {isa = PBXFileReference; fileEncoding = 4; lastKnownFileType = sourcecode.c.h; path = A17D14.h; sourceTree = "<group>"; };
		ED3240D32C1A7BC100AE56DB /* A17D12.h */ = {isa = PBXFileReference; fileEncoding = 4; lastKnownFileType = sourcecode.c.h; path = A17D12.h; sourceTree = "<group>"; };
		ED3240D42C1A7BC100AE56DB /* A17D23.m */ = {isa = PBXFileReference; fileEncoding = 4; lastKnownFileType = sourcecode.c.objc; path = A17D23.m; sourceTree = "<group>"; };
		ED3240D52C1A7BC200AE56DB /* A17D24.h */ = {isa = PBXFileReference; fileEncoding = 4; lastKnownFileType = sourcecode.c.h; path = A17D24.h; sourceTree = "<group>"; };
		ED3240D62C1A7BC200AE56DB /* A17D17.m */ = {isa = PBXFileReference; fileEncoding = 4; lastKnownFileType = sourcecode.c.objc; path = A17D17.m; sourceTree = "<group>"; };
		ED3240D72C1A7BC200AE56DB /* A17D16.h */ = {isa = PBXFileReference; fileEncoding = 4; lastKnownFileType = sourcecode.c.h; path = A17D16.h; sourceTree = "<group>"; };
		ED3240D82C1A7BC200AE56DB /* A17D21.h */ = {isa = PBXFileReference; fileEncoding = 4; lastKnownFileType = sourcecode.c.h; path = A17D21.h; sourceTree = "<group>"; };
		ED3240D92C1A7BC200AE56DB /* A17D19.m */ = {isa = PBXFileReference; fileEncoding = 4; lastKnownFileType = sourcecode.c.objc; path = A17D19.m; sourceTree = "<group>"; };
		ED3240DA2C1A7BC200AE56DB /* A17D08.h */ = {isa = PBXFileReference; fileEncoding = 4; lastKnownFileType = sourcecode.c.h; path = A17D08.h; sourceTree = "<group>"; };
		ED3240DB2C1A7BC200AE56DB /* A17D14.m */ = {isa = PBXFileReference; fileEncoding = 4; lastKnownFileType = sourcecode.c.objc; path = A17D14.m; sourceTree = "<group>"; };
		ED3240DC2C1A7BC200AE56DB /* A17D19.h */ = {isa = PBXFileReference; fileEncoding = 4; lastKnownFileType = sourcecode.c.h; path = A17D19.h; sourceTree = "<group>"; };
		ED3240DD2C1A7BC200AE56DB /* A17D22.h */ = {isa = PBXFileReference; fileEncoding = 4; lastKnownFileType = sourcecode.c.h; path = A17D22.h; sourceTree = "<group>"; };
		ED3240DE2C1A7BC200AE56DB /* A17D11.m */ = {isa = PBXFileReference; fileEncoding = 4; lastKnownFileType = sourcecode.c.objc; path = A17D11.m; sourceTree = "<group>"; };
		ED3240DF2C1A7BC200AE56DB /* A17D17.h */ = {isa = PBXFileReference; fileEncoding = 4; lastKnownFileType = sourcecode.c.h; path = A17D17.h; sourceTree = "<group>"; };
		ED3240E02C1A7BC200AE56DB /* A17D25.h */ = {isa = PBXFileReference; fileEncoding = 4; lastKnownFileType = sourcecode.c.h; path = A17D25.h; sourceTree = "<group>"; };
		ED3240E12C1A7BC200AE56DB /* A17D15.m */ = {isa = PBXFileReference; fileEncoding = 4; lastKnownFileType = sourcecode.c.objc; path = A17D15.m; sourceTree = "<group>"; };
		ED3240E22C1A7BC200AE56DB /* A17D11.h */ = {isa = PBXFileReference; fileEncoding = 4; lastKnownFileType = sourcecode.c.h; path = A17D11.h; sourceTree = "<group>"; };
		ED3240E32C1A7BC300AE56DB /* A17D09.h */ = {isa = PBXFileReference; fileEncoding = 4; lastKnownFileType = sourcecode.c.h; path = A17D09.h; sourceTree = "<group>"; };
		ED3240E42C1A7BC300AE56DB /* A17D08.m */ = {isa = PBXFileReference; fileEncoding = 4; lastKnownFileType = sourcecode.c.objc; path = A17D08.m; sourceTree = "<group>"; };
		ED3240E52C1A7BC300AE56DB /* A17D10.m */ = {isa = PBXFileReference; fileEncoding = 4; lastKnownFileType = sourcecode.c.objc; path = A17D10.m; sourceTree = "<group>"; };
		ED3240E62C1A7BC300AE56DB /* A17D20.h */ = {isa = PBXFileReference; fileEncoding = 4; lastKnownFileType = sourcecode.c.h; path = A17D20.h; sourceTree = "<group>"; };
		ED924A292C161EF80085B3B5 /* A17D02.h */ = {isa = PBXFileReference; fileEncoding = 4; lastKnownFileType = sourcecode.c.h; path = A17D02.h; sourceTree = "<group>"; };
		ED924A2A2C161EF80085B3B5 /* A17D02.m */ = {isa = PBXFileReference; fileEncoding = 4; lastKnownFileType = sourcecode.c.objc; path = A17D02.m; sourceTree = "<group>"; };
		ED924A2C2C1635E80085B3B5 /* A17D03.m */ = {isa = PBXFileReference; fileEncoding = 4; lastKnownFileType = sourcecode.c.objc; path = A17D03.m; sourceTree = "<group>"; };
		ED924A2D2C1635E80085B3B5 /* A17D03.h */ = {isa = PBXFileReference; fileEncoding = 4; lastKnownFileType = sourcecode.c.h; path = A17D03.h; sourceTree = "<group>"; };
		EDDC48AD2C15EDE800D9B8FD /* A17D01.h */ = {isa = PBXFileReference; fileEncoding = 4; lastKnownFileType = sourcecode.c.h; path = A17D01.h; sourceTree = "<group>"; };
		EDDC48AE2C15EDE800D9B8FD /* A17D01.m */ = {isa = PBXFileReference; fileEncoding = 4; lastKnownFileType = sourcecode.c.objc; path = A17D01.m; sourceTree = "<group>"; };
		EDDC48B02C15FE8700D9B8FD /* ADProblem.h */ = {isa = PBXFileReference; fileEncoding = 4; lastKnownFileType = sourcecode.c.h; name = ADProblem.h; path = src/advent/ADProblem.h; sourceTree = "<group>"; };
		EDDC48B12C15FE8700D9B8FD /* ADProblem.m */ = {isa = PBXFileReference; fileEncoding = 4; lastKnownFileType = sourcecode.c.objc; name = ADProblem.m; path = src/advent/ADProblem.m; sourceTree = "<group>"; };
		EDEA26C82C15E82200C043D4 /* advent */ = {isa = PBXFileReference; explicitFileType = "compiled.mach-o.executable"; includeInIndex = 0; path = advent; sourceTree = BUILT_PRODUCTS_DIR; };
		EDEA26CB2C15E82200C043D4 /* main.m */ = {isa = PBXFileReference; lastKnownFileType = sourcecode.c.objc; name = main.m; path = src/advent/main.m; sourceTree = "<group>"; };
/* End PBXFileReference section */

/* Begin PBXFrameworksBuildPhase section */
		EDEA26C52C15E82200C043D4 /* Frameworks */ = {
			isa = PBXFrameworksBuildPhase;
			buildActionMask = 2147483647;
			files = (
			);
			runOnlyForDeploymentPostprocessing = 0;
		};
/* End PBXFrameworksBuildPhase section */

/* Begin PBXGroup section */
		EDDC48AC2C15EDA100D9B8FD /* A2017 */ = {
			isa = PBXGroup;
			children = (
				EDDC48AD2C15EDE800D9B8FD /* A17D01.h */,
				EDDC48AE2C15EDE800D9B8FD /* A17D01.m */,
				ED924A292C161EF80085B3B5 /* A17D02.h */,
				ED924A2A2C161EF80085B3B5 /* A17D02.m */,
				ED924A2D2C1635E80085B3B5 /* A17D03.h */,
				ED924A2C2C1635E80085B3B5 /* A17D03.m */,
				ED3240B92C1936B700AE56DB /* A17D04.h */,
				ED3240B82C1936B700AE56DB /* A17D04.m */,
				ED3240BC2C1A5C5100AE56DB /* A17D05.h */,
				ED3240BB2C1A5C5100AE56DB /* A17D05.m */,
				ED3240BE2C1A7A3600AE56DB /* A17D06.h */,
				ED3240BF2C1A7A3600AE56DB /* A17D06.m */,
				ED3240CF2C1A7BC100AE56DB /* A17D07.h */,
				ED3240C92C1A7BC100AE56DB /* A17D07.m */,
				ED3240DA2C1A7BC200AE56DB /* A17D08.h */,
				ED3240E42C1A7BC300AE56DB /* A17D08.m */,
				ED3240E32C1A7BC300AE56DB /* A17D09.h */,
				ED3240CB2C1A7BC100AE56DB /* A17D09.m */,
				ED3240CC2C1A7BC100AE56DB /* A17D10.h */,
				ED3240E52C1A7BC300AE56DB /* A17D10.m */,
				ED3240E22C1A7BC200AE56DB /* A17D11.h */,
				ED3240DE2C1A7BC200AE56DB /* A17D11.m */,
				ED3240D32C1A7BC100AE56DB /* A17D12.h */,
				ED3240D02C1A7BC100AE56DB /* A17D12.m */,
				ED3240CD2C1A7BC100AE56DB /* A17D13.h */,
				ED3240D12C1A7BC100AE56DB /* A17D13.m */,
				ED3240D22C1A7BC100AE56DB /* A17D14.h */,
				ED3240DB2C1A7BC200AE56DB /* A17D14.m */,
				ED3240CE2C1A7BC100AE56DB /* A17D15.h */,
				ED3240E12C1A7BC200AE56DB /* A17D15.m */,
				ED3240D72C1A7BC200AE56DB /* A17D16.h */,
				ED3240C82C1A7BC100AE56DB /* A17D16.m */,
				ED3240DF2C1A7BC200AE56DB /* A17D17.h */,
				ED3240D62C1A7BC200AE56DB /* A17D17.m */,
				ED3240C42C1A7BC000AE56DB /* A17D18.h */,
				ED3240C62C1A7BC000AE56DB /* A17D18.m */,
				ED3240DC2C1A7BC200AE56DB /* A17D19.h */,
				ED3240D92C1A7BC200AE56DB /* A17D19.m */,
				ED3240E62C1A7BC300AE56DB /* A17D20.h */,
				ED3240C22C1A7BC000AE56DB /* A17D20.m */,
				ED3240D82C1A7BC200AE56DB /* A17D21.h */,
				ED3240C32C1A7BC000AE56DB /* A17D21.m */,
				ED3240DD2C1A7BC200AE56DB /* A17D22.h */,
				ED3240CA2C1A7BC100AE56DB /* A17D22.m */,
				ED3240C12C1A7BC000AE56DB /* A17D23.h */,
				ED3240D42C1A7BC100AE56DB /* A17D23.m */,
				ED3240D52C1A7BC200AE56DB /* A17D24.h */,
				ED3240C72C1A7BC100AE56DB /* A17D24.m */,
				ED3240E02C1A7BC200AE56DB /* A17D25.h */,
				ED3240C52C1A7BC000AE56DB /* A17D25.m */,
			);
			name = A2017;
			path = src/advent_2017;
			sourceTree = "<group>";
		};
		EDEA26BF2C15E82200C043D4 = {
			isa = PBXGroup;
			children = (
				EDDC48B02C15FE8700D9B8FD /* ADProblem.h */,
				EDDC48B12C15FE8700D9B8FD /* ADProblem.m */,
				EDDC48AC2C15EDA100D9B8FD /* A2017 */,
				EDEA26CB2C15E82200C043D4 /* main.m */,
				EDEA26C92C15E82200C043D4 /* Products */,
			);
			sourceTree = "<group>";
		};
		EDEA26C92C15E82200C043D4 /* Products */ = {
			isa = PBXGroup;
			children = (
				EDEA26C82C15E82200C043D4 /* advent */,
			);
			name = Products;
			sourceTree = "<group>";
		};
/* End PBXGroup section */

/* Begin PBXNativeTarget section */
		EDEA26C72C15E82200C043D4 /* advent */ = {
			isa = PBXNativeTarget;
			buildConfigurationList = EDEA26CF2C15E82200C043D4 /* Build configuration list for PBXNativeTarget "advent" */;
			buildPhases = (
				EDEA26C42C15E82200C043D4 /* Sources */,
				EDEA26C52C15E82200C043D4 /* Frameworks */,
				EDEA26C62C15E82200C043D4 /* CopyFiles */,
			);
			buildRules = (
			);
			dependencies = (
			);
			name = advent;
			productName = advent;
			productReference = EDEA26C82C15E82200C043D4 /* advent */;
			productType = "com.apple.product-type.tool";
		};
/* End PBXNativeTarget section */

/* Begin PBXProject section */
		EDEA26C02C15E82200C043D4 /* Project object */ = {
			isa = PBXProject;
			attributes = {
				BuildIndependentTargetsInParallel = 1;
				LastUpgradeCheck = 1410;
				TargetAttributes = {
					EDEA26C72C15E82200C043D4 = {
						CreatedOnToolsVersion = 14.1;
					};
				};
			};
			buildConfigurationList = EDEA26C32C15E82200C043D4 /* Build configuration list for PBXProject "advent" */;
			compatibilityVersion = "Xcode 14.0";
			developmentRegion = en;
			hasScannedForEncodings = 0;
			knownRegions = (
				en,
				Base,
			);
			mainGroup = EDEA26BF2C15E82200C043D4;
			productRefGroup = EDEA26C92C15E82200C043D4 /* Products */;
			projectDirPath = "";
			projectRoot = "";
			targets = (
				EDEA26C72C15E82200C043D4 /* advent */,
			);
		};
/* End PBXProject section */

/* Begin PBXSourcesBuildPhase section */
		EDEA26C42C15E82200C043D4 /* Sources */ = {
			isa = PBXSourcesBuildPhase;
			buildActionMask = 2147483647;
			files = (
				ED3240EF2C1A7BC300AE56DB /* A17D09.m in Sources */,
				EDDC48B22C15FE8700D9B8FD /* ADProblem.m in Sources */,
				ED3240F62C1A7BC300AE56DB /* A17D11.m in Sources */,
				ED3240EA2C1A7BC300AE56DB /* A17D18.m in Sources */,
				EDEA26CC2C15E82200C043D4 /* main.m in Sources */,
				ED924A2E2C1635E80085B3B5 /* A17D03.m in Sources */,
				ED3240F32C1A7BC300AE56DB /* A17D17.m in Sources */,
				ED3240F52C1A7BC300AE56DB /* A17D14.m in Sources */,
				ED3240F12C1A7BC300AE56DB /* A17D13.m in Sources */,
				ED3240EE2C1A7BC300AE56DB /* A17D22.m in Sources */,
				ED3240ED2C1A7BC300AE56DB /* A17D07.m in Sources */,
				ED3240F02C1A7BC300AE56DB /* A17D12.m in Sources */,
				ED3240F22C1A7BC300AE56DB /* A17D23.m in Sources */,
				ED3240E82C1A7BC300AE56DB /* A17D21.m in Sources */,
				ED3240F82C1A7BC300AE56DB /* A17D08.m in Sources */,
				ED924A2B2C161EF90085B3B5 /* A17D02.m in Sources */,
				ED3240E92C1A7BC300AE56DB /* A17D25.m in Sources */,
				ED3240E72C1A7BC300AE56DB /* A17D20.m in Sources */,
				ED3240F92C1A7BC300AE56DB /* A17D10.m in Sources */,
				ED3240BA2C1936B700AE56DB /* A17D04.m in Sources */,
				ED3240F42C1A7BC300AE56DB /* A17D19.m in Sources */,
				ED3240F72C1A7BC300AE56DB /* A17D15.m in Sources */,
				ED3240BD2C1A5C5100AE56DB /* A17D05.m in Sources */,
				ED3240C02C1A7A3600AE56DB /* A17D06.m in Sources */,
				ED3240EB2C1A7BC300AE56DB /* A17D24.m in Sources */,
				EDDC48AF2C15EDE900D9B8FD /* A17D01.m in Sources */,
				ED3240EC2C1A7BC300AE56DB /* A17D16.m in Sources */,
			);
			runOnlyForDeploymentPostprocessing = 0;
		};
/* End PBXSourcesBuildPhase section */

/* Begin XCBuildConfiguration section */
		EDEA26CD2C15E82200C043D4 /* Debug */ = {
			isa = XCBuildConfiguration;
			buildSettings = {
				ALWAYS_SEARCH_USER_PATHS = NO;
				CLANG_ANALYZER_NONNULL = YES;
				CLANG_ANALYZER_NUMBER_OBJECT_CONVERSION = YES_AGGRESSIVE;
				CLANG_CXX_LANGUAGE_STANDARD = "gnu++20";
				CLANG_ENABLE_MODULES = YES;
				CLANG_ENABLE_OBJC_ARC = YES;
				CLANG_ENABLE_OBJC_WEAK = YES;
				CLANG_WARN_BLOCK_CAPTURE_AUTORELEASING = YES;
				CLANG_WARN_BOOL_CONVERSION = YES;
				CLANG_WARN_COMMA = YES;
				CLANG_WARN_CONSTANT_CONVERSION = YES;
				CLANG_WARN_DEPRECATED_OBJC_IMPLEMENTATIONS = YES;
				CLANG_WARN_DIRECT_OBJC_ISA_USAGE = YES_ERROR;
				CLANG_WARN_DOCUMENTATION_COMMENTS = YES;
				CLANG_WARN_EMPTY_BODY = YES;
				CLANG_WARN_ENUM_CONVERSION = YES;
				CLANG_WARN_INFINITE_RECURSION = YES;
				CLANG_WARN_INT_CONVERSION = YES;
				CLANG_WARN_NON_LITERAL_NULL_CONVERSION = YES;
				CLANG_WARN_OBJC_IMPLICIT_RETAIN_SELF = YES;
				CLANG_WARN_OBJC_LITERAL_CONVERSION = YES;
				CLANG_WARN_OBJC_ROOT_CLASS = YES_ERROR;
				CLANG_WARN_QUOTED_INCLUDE_IN_FRAMEWORK_HEADER = YES;
				CLANG_WARN_RANGE_LOOP_ANALYSIS = YES;
				CLANG_WARN_STRICT_PROTOTYPES = YES;
				CLANG_WARN_SUSPICIOUS_MOVE = YES;
				CLANG_WARN_UNGUARDED_AVAILABILITY = YES_AGGRESSIVE;
				CLANG_WARN_UNREACHABLE_CODE = YES;
				CLANG_WARN__DUPLICATE_METHOD_MATCH = YES;
				COPY_PHASE_STRIP = NO;
				DEBUG_INFORMATION_FORMAT = dwarf;
				ENABLE_STRICT_OBJC_MSGSEND = YES;
				ENABLE_TESTABILITY = YES;
				GCC_C_LANGUAGE_STANDARD = gnu11;
				GCC_DYNAMIC_NO_PIC = NO;
				GCC_NO_COMMON_BLOCKS = YES;
				GCC_OPTIMIZATION_LEVEL = 0;
				GCC_PREPROCESSOR_DEFINITIONS = (
					"DEBUG=1",
					"$(inherited)",
				);
				GCC_WARN_64_TO_32_BIT_CONVERSION = YES;
				GCC_WARN_ABOUT_RETURN_TYPE = YES_ERROR;
				GCC_WARN_UNDECLARED_SELECTOR = YES;
				GCC_WARN_UNINITIALIZED_AUTOS = YES_AGGRESSIVE;
				GCC_WARN_UNUSED_FUNCTION = YES;
				GCC_WARN_UNUSED_VARIABLE = YES;
				MACOSX_DEPLOYMENT_TARGET = 12.7;
				MTL_ENABLE_DEBUG_INFO = INCLUDE_SOURCE;
				MTL_FAST_MATH = YES;
				ONLY_ACTIVE_ARCH = YES;
				SDKROOT = macosx;
			};
			name = Debug;
		};
		EDEA26CE2C15E82200C043D4 /* Release */ = {
			isa = XCBuildConfiguration;
			buildSettings = {
				ALWAYS_SEARCH_USER_PATHS = NO;
				CLANG_ANALYZER_NONNULL = YES;
				CLANG_ANALYZER_NUMBER_OBJECT_CONVERSION = YES_AGGRESSIVE;
				CLANG_CXX_LANGUAGE_STANDARD = "gnu++20";
				CLANG_ENABLE_MODULES = YES;
				CLANG_ENABLE_OBJC_ARC = YES;
				CLANG_ENABLE_OBJC_WEAK = YES;
				CLANG_WARN_BLOCK_CAPTURE_AUTORELEASING = YES;
				CLANG_WARN_BOOL_CONVERSION = YES;
				CLANG_WARN_COMMA = YES;
				CLANG_WARN_CONSTANT_CONVERSION = YES;
				CLANG_WARN_DEPRECATED_OBJC_IMPLEMENTATIONS = YES;
				CLANG_WARN_DIRECT_OBJC_ISA_USAGE = YES_ERROR;
				CLANG_WARN_DOCUMENTATION_COMMENTS = YES;
				CLANG_WARN_EMPTY_BODY = YES;
				CLANG_WARN_ENUM_CONVERSION = YES;
				CLANG_WARN_INFINITE_RECURSION = YES;
				CLANG_WARN_INT_CONVERSION = YES;
				CLANG_WARN_NON_LITERAL_NULL_CONVERSION = YES;
				CLANG_WARN_OBJC_IMPLICIT_RETAIN_SELF = YES;
				CLANG_WARN_OBJC_LITERAL_CONVERSION = YES;
				CLANG_WARN_OBJC_ROOT_CLASS = YES_ERROR;
				CLANG_WARN_QUOTED_INCLUDE_IN_FRAMEWORK_HEADER = YES;
				CLANG_WARN_RANGE_LOOP_ANALYSIS = YES;
				CLANG_WARN_STRICT_PROTOTYPES = YES;
				CLANG_WARN_SUSPICIOUS_MOVE = YES;
				CLANG_WARN_UNGUARDED_AVAILABILITY = YES_AGGRESSIVE;
				CLANG_WARN_UNREACHABLE_CODE = YES;
				CLANG_WARN__DUPLICATE_METHOD_MATCH = YES;
				COPY_PHASE_STRIP = NO;
				DEBUG_INFORMATION_FORMAT = "dwarf-with-dsym";
				ENABLE_NS_ASSERTIONS = NO;
				ENABLE_STRICT_OBJC_MSGSEND = YES;
				GCC_C_LANGUAGE_STANDARD = gnu11;
				GCC_NO_COMMON_BLOCKS = YES;
				GCC_WARN_64_TO_32_BIT_CONVERSION = YES;
				GCC_WARN_ABOUT_RETURN_TYPE = YES_ERROR;
				GCC_WARN_UNDECLARED_SELECTOR = YES;
				GCC_WARN_UNINITIALIZED_AUTOS = YES_AGGRESSIVE;
				GCC_WARN_UNUSED_FUNCTION = YES;
				GCC_WARN_UNUSED_VARIABLE = YES;
				MACOSX_DEPLOYMENT_TARGET = 12.7;
				MTL_ENABLE_DEBUG_INFO = NO;
				MTL_FAST_MATH = YES;
				SDKROOT = macosx;
			};
			name = Release;
		};
		EDEA26D02C15E82200C043D4 /* Debug */ = {
			isa = XCBuildConfiguration;
			buildSettings = {
				CODE_SIGN_STYLE = Automatic;
				PRODUCT_NAME = "$(TARGET_NAME)";
			};
			name = Debug;
		};
		EDEA26D12C15E82200C043D4 /* Release */ = {
			isa = XCBuildConfiguration;
			buildSettings = {
				CODE_SIGN_STYLE = Automatic;
				PRODUCT_NAME = "$(TARGET_NAME)";
			};
			name = Release;
		};
/* End XCBuildConfiguration section */

/* Begin XCConfigurationList section */
		EDEA26C32C15E82200C043D4 /* Build configuration list for PBXProject "advent" */ = {
			isa = XCConfigurationList;
			buildConfigurations = (
				EDEA26CD2C15E82200C043D4 /* Debug */,
				EDEA26CE2C15E82200C043D4 /* Release */,
			);
			defaultConfigurationIsVisible = 0;
			defaultConfigurationName = Release;
		};
		EDEA26CF2C15E82200C043D4 /* Build configuration list for PBXNativeTarget "advent" */ = {
			isa = XCConfigurationList;
			buildConfigurations = (
				EDEA26D02C15E82200C043D4 /* Debug */,
				EDEA26D12C15E82200C043D4 /* Release */,
			);
			defaultConfigurationIsVisible = 0;
			defaultConfigurationName = Release;
		};
/* End XCConfigurationList section */
	};
	rootObject = EDEA26C02C15E82200C043D4 /* Project object */;
}
